# This file is automatically @generated by Cargo.
# It is not intended for manual editing.
version = 4

[[package]]
name = "a-plugin"
version = "0.1.0"

[[package]]
name = "a-service"
version = "0.1.0"

[[package]]
name = "b-plugin"
version = "0.1.0"

[[package]]
name = "b-service"
version = "0.1.0"
